
Microsoft Visual Studio Solution File, Format Version 12.00
# Visual Studio Version 16
VisualStudioVersion = 16.0.29209.62
MinimumVisualStudioVersion = 10.0.40219.1
Project("{FAE04EC0-301F-11D3-BF4B-00C04F79EFBC}") = "Labb5", "Labb5\Labb5.csproj", "{95FC2BE1-D524-4D0F-BA0E-942BDAFA543E}"
EndProject
Global
	GlobalSection(SolutionConfigurationPlatforms) = preSolution
		Debug|Any CPU = Debug|Any CPU
		Release|Any CPU = Release|Any CPU
	EndGlobalSection
	GlobalSection(ProjectConfigurationPlatforms) = postSolution
		{95FC2BE1-D524-4D0F-BA0E-942BDAFA543E}.Debug|Any CPU.ActiveCfg = Debug|Any CPU
		{95FC2BE1-D524-4D0F-BA0E-942BDAFA543E}.Debug|Any CPU.Build.0 = Debug|Any CPU
		{95FC2BE1-D524-4D0F-BA0E-942BDAFA543E}.Release|Any CPU.ActiveCfg = Release|Any CPU
		{95FC2BE1-D524-4D0F-BA0E-942BDAFA543E}.Release|Any CPU.Build.0 = Release|Any CPU
	EndGlobalSection
	GlobalSection(SolutionProperties) = preSolution
		HideSolutionNode = FALSE
	EndGlobalSection
	GlobalSection(ExtensibilityGlobals) = postSolution
		SolutionGuid = {F0327A59-0E00-4376-B332-9B7383E1F521}
	EndGlobalSection
EndGlobal
